
Microsoft Visual Studio Solution File, Format Version 12.00
# Visual Studio 14
VisualStudioVersion = 14.0.25420.1
MinimumVisualStudioVersion = 10.0.40219.1
Project("{FAE04EC0-301F-11D3-BF4B-00C04F79EFBC}") = "JoggingDB", "JoggingDB\JoggingDB.csproj", "{F6ED5FEF-6AF6-4AE4-BC2D-C9C3749F1455}"
EndProject
Project("{FAE04EC0-301F-11D3-BF4B-00C04F79EFBC}") = "Jogging.Model", "Jogging.Model\Jogging.Model.csproj", "{AA525787-5F30-457A-B5C0-A2CB915AEFF9}"
EndProject
Global
	GlobalSection(SolutionConfigurationPlatforms) = preSolution
		Debug|Any CPU = Debug|Any CPU
		Release|Any CPU = Release|Any CPU
	EndGlobalSection
	GlobalSection(ProjectConfigurationPlatforms) = postSolution
		{F6ED5FEF-6AF6-4AE4-BC2D-C9C3749F1455}.Debug|Any CPU.ActiveCfg = Debug|Any CPU
		{F6ED5FEF-6AF6-4AE4-BC2D-C9C3749F1455}.Debug|Any CPU.Build.0 = Debug|Any CPU
		{F6ED5FEF-6AF6-4AE4-BC2D-C9C3749F1455}.Release|Any CPU.ActiveCfg = Release|Any CPU
		{F6ED5FEF-6AF6-4AE4-BC2D-C9C3749F1455}.Release|Any CPU.Build.0 = Release|Any CPU
		{AA525787-5F30-457A-B5C0-A2CB915AEFF9}.Debug|Any CPU.ActiveCfg = Debug|Any CPU
		{AA525787-5F30-457A-B5C0-A2CB915AEFF9}.Debug|Any CPU.Build.0 = Debug|Any CPU
		{AA525787-5F30-457A-B5C0-A2CB915AEFF9}.Release|Any CPU.ActiveCfg = Release|Any CPU
		{AA525787-5F30-457A-B5C0-A2CB915AEFF9}.Release|Any CPU.Build.0 = Release|Any CPU
	EndGlobalSection
	GlobalSection(SolutionProperties) = preSolution
		HideSolutionNode = FALSE
	EndGlobalSection
EndGlobal
