
Microsoft Visual Studio Solution File, Format Version 12.00
# Visual Studio 14
VisualStudioVersion = 14.0.25420.1
MinimumVisualStudioVersion = 10.0.40219.1
Project("{FAE04EC0-301F-11D3-BF4B-00C04F79EFBC}") = "jogging_App_xamarin", "jogging_App_xamarin\jogging_App_xamarin\jogging_App_xamarin.csproj", "{AE3F6A52-76F9-49F7-A10F-131517034417}"
EndProject
Project("{FAE04EC0-301F-11D3-BF4B-00C04F79EFBC}") = "jogging_App_xamarin.Droid", "jogging_App_xamarin\jogging_App_xamarin.Droid\jogging_App_xamarin.Droid.csproj", "{78C77723-F72A-4A42-A3AA-C0ED880B8C2D}"
EndProject
Project("{FAE04EC0-301F-11D3-BF4B-00C04F79EFBC}") = "jogging_App_xamarin.iOS", "jogging_App_xamarin\jogging_App_xamarin.iOS\jogging_App_xamarin.iOS.csproj", "{FDEAC81A-63B7-459F-BB60-0541CF0BCEC9}"
EndProject
Global
	GlobalSection(SolutionConfigurationPlatforms) = preSolution
		Ad-Hoc|Any CPU = Ad-Hoc|Any CPU
		Ad-Hoc|ARM = Ad-Hoc|ARM
		Ad-Hoc|iPhone = Ad-Hoc|iPhone
		Ad-Hoc|iPhoneSimulator = Ad-Hoc|iPhoneSimulator
		Ad-Hoc|x64 = Ad-Hoc|x64
		Ad-Hoc|x86 = Ad-Hoc|x86
		AppStore|Any CPU = AppStore|Any CPU
		AppStore|ARM = AppStore|ARM
		AppStore|iPhone = AppStore|iPhone
		AppStore|iPhoneSimulator = AppStore|iPhoneSimulator
		AppStore|x64 = AppStore|x64
		AppStore|x86 = AppStore|x86
		Debug|Any CPU = Debug|Any CPU
		Debug|ARM = Debug|ARM
		Debug|iPhone = Debug|iPhone
		Debug|iPhoneSimulator = Debug|iPhoneSimulator
		Debug|x64 = Debug|x64
		Debug|x86 = Debug|x86
		Release|Any CPU = Release|Any CPU
		Release|ARM = Release|ARM
		Release|iPhone = Release|iPhone
		Release|iPhoneSimulator = Release|iPhoneSimulator
		Release|x64 = Release|x64
		Release|x86 = Release|x86
	EndGlobalSection
	GlobalSection(ProjectConfigurationPlatforms) = postSolution
		{AE3F6A52-76F9-49F7-A10F-131517034417}.Ad-Hoc|Any CPU.ActiveCfg = Release|Any CPU
		{AE3F6A52-76F9-49F7-A10F-131517034417}.Ad-Hoc|Any CPU.Build.0 = Release|Any CPU
		{AE3F6A52-76F9-49F7-A10F-131517034417}.Ad-Hoc|ARM.ActiveCfg = Release|Any CPU
		{AE3F6A52-76F9-49F7-A10F-131517034417}.Ad-Hoc|ARM.Build.0 = Release|Any CPU
		{AE3F6A52-76F9-49F7-A10F-131517034417}.Ad-Hoc|iPhone.ActiveCfg = Release|Any CPU
		{AE3F6A52-76F9-49F7-A10F-131517034417}.Ad-Hoc|iPhone.Build.0 = Release|Any CPU
		{AE3F6A52-76F9-49F7-A10F-131517034417}.Ad-Hoc|iPhoneSimulator.ActiveCfg = Release|Any CPU
		{AE3F6A52-76F9-49F7-A10F-131517034417}.Ad-Hoc|iPhoneSimulator.Build.0 = Release|Any CPU
		{AE3F6A52-76F9-49F7-A10F-131517034417}.Ad-Hoc|x64.ActiveCfg = Release|Any CPU
		{AE3F6A52-76F9-49F7-A10F-131517034417}.Ad-Hoc|x64.Build.0 = Release|Any CPU
		{AE3F6A52-76F9-49F7-A10F-131517034417}.Ad-Hoc|x86.ActiveCfg = Release|Any CPU
		{AE3F6A52-76F9-49F7-A10F-131517034417}.Ad-Hoc|x86.Build.0 = Release|Any CPU
		{AE3F6A52-76F9-49F7-A10F-131517034417}.AppStore|Any CPU.ActiveCfg = Release|Any CPU
		{AE3F6A52-76F9-49F7-A10F-131517034417}.AppStore|Any CPU.Build.0 = Release|Any CPU
		{AE3F6A52-76F9-49F7-A10F-131517034417}.AppStore|ARM.ActiveCfg = Release|Any CPU
		{AE3F6A52-76F9-49F7-A10F-131517034417}.AppStore|ARM.Build.0 = Release|Any CPU
		{AE3F6A52-76F9-49F7-A10F-131517034417}.AppStore|iPhone.ActiveCfg = Release|Any CPU
		{AE3F6A52-76F9-49F7-A10F-131517034417}.AppStore|iPhone.Build.0 = Release|Any CPU
		{AE3F6A52-76F9-49F7-A10F-131517034417}.AppStore|iPhoneSimulator.ActiveCfg = Release|Any CPU
		{AE3F6A52-76F9-49F7-A10F-131517034417}.AppStore|iPhoneSimulator.Build.0 = Release|Any CPU
		{AE3F6A52-76F9-49F7-A10F-131517034417}.AppStore|x64.ActiveCfg = Release|Any CPU
		{AE3F6A52-76F9-49F7-A10F-131517034417}.AppStore|x64.Build.0 = Release|Any CPU
		{AE3F6A52-76F9-49F7-A10F-131517034417}.AppStore|x86.ActiveCfg = Release|Any CPU
		{AE3F6A52-76F9-49F7-A10F-131517034417}.AppStore|x86.Build.0 = Release|Any CPU
		{AE3F6A52-76F9-49F7-A10F-131517034417}.Debug|Any CPU.ActiveCfg = Debug|Any CPU
		{AE3F6A52-76F9-49F7-A10F-131517034417}.Debug|Any CPU.Build.0 = Debug|Any CPU
		{AE3F6A52-76F9-49F7-A10F-131517034417}.Debug|ARM.ActiveCfg = Debug|Any CPU
		{AE3F6A52-76F9-49F7-A10F-131517034417}.Debug|ARM.Build.0 = Debug|Any CPU
		{AE3F6A52-76F9-49F7-A10F-131517034417}.Debug|iPhone.ActiveCfg = Debug|Any CPU
		{AE3F6A52-76F9-49F7-A10F-131517034417}.Debug|iPhone.Build.0 = Debug|Any CPU
		{AE3F6A52-76F9-49F7-A10F-131517034417}.Debug|iPhoneSimulator.ActiveCfg = Debug|Any CPU
		{AE3F6A52-76F9-49F7-A10F-131517034417}.Debug|iPhoneSimulator.Build.0 = Debug|Any CPU
		{AE3F6A52-76F9-49F7-A10F-131517034417}.Debug|x64.ActiveCfg = Debug|Any CPU
		{AE3F6A52-76F9-49F7-A10F-131517034417}.Debug|x64.Build.0 = Debug|Any CPU
		{AE3F6A52-76F9-49F7-A10F-131517034417}.Debug|x86.ActiveCfg = Debug|Any CPU
		{AE3F6A52-76F9-49F7-A10F-131517034417}.Debug|x86.Build.0 = Debug|Any CPU
		{AE3F6A52-76F9-49F7-A10F-131517034417}.Release|Any CPU.ActiveCfg = Release|Any CPU
		{AE3F6A52-76F9-49F7-A10F-131517034417}.Release|Any CPU.Build.0 = Release|Any CPU
		{AE3F6A52-76F9-49F7-A10F-131517034417}.Release|ARM.ActiveCfg = Release|Any CPU
		{AE3F6A52-76F9-49F7-A10F-131517034417}.Release|ARM.Build.0 = Release|Any CPU
		{AE3F6A52-76F9-49F7-A10F-131517034417}.Release|iPhone.ActiveCfg = Release|Any CPU
		{AE3F6A52-76F9-49F7-A10F-131517034417}.Release|iPhone.Build.0 = Release|Any CPU
		{AE3F6A52-76F9-49F7-A10F-131517034417}.Release|iPhoneSimulator.ActiveCfg = Release|Any CPU
		{AE3F6A52-76F9-49F7-A10F-131517034417}.Release|iPhoneSimulator.Build.0 = Release|Any CPU
		{AE3F6A52-76F9-49F7-A10F-131517034417}.Release|x64.ActiveCfg = Release|Any CPU
		{AE3F6A52-76F9-49F7-A10F-131517034417}.Release|x64.Build.0 = Release|Any CPU
		{AE3F6A52-76F9-49F7-A10F-131517034417}.Release|x86.ActiveCfg = Release|Any CPU
		{AE3F6A52-76F9-49F7-A10F-131517034417}.Release|x86.Build.0 = Release|Any CPU
		{78C77723-F72A-4A42-A3AA-C0ED880B8C2D}.Ad-Hoc|Any CPU.ActiveCfg = Release|Any CPU
		{78C77723-F72A-4A42-A3AA-C0ED880B8C2D}.Ad-Hoc|Any CPU.Build.0 = Release|Any CPU
		{78C77723-F72A-4A42-A3AA-C0ED880B8C2D}.Ad-Hoc|Any CPU.Deploy.0 = Release|Any CPU
		{78C77723-F72A-4A42-A3AA-C0ED880B8C2D}.Ad-Hoc|ARM.ActiveCfg = Release|Any CPU
		{78C77723-F72A-4A42-A3AA-C0ED880B8C2D}.Ad-Hoc|ARM.Build.0 = Release|Any CPU
		{78C77723-F72A-4A42-A3AA-C0ED880B8C2D}.Ad-Hoc|ARM.Deploy.0 = Release|Any CPU
		{78C77723-F72A-4A42-A3AA-C0ED880B8C2D}.Ad-Hoc|iPhone.ActiveCfg = Release|Any CPU
		{78C77723-F72A-4A42-A3AA-C0ED880B8C2D}.Ad-Hoc|iPhone.Build.0 = Release|Any CPU
		{78C77723-F72A-4A42-A3AA-C0ED880B8C2D}.Ad-Hoc|iPhone.Deploy.0 = Release|Any CPU
		{78C77723-F72A-4A42-A3AA-C0ED880B8C2D}.Ad-Hoc|iPhoneSimulator.ActiveCfg = Release|Any CPU
		{78C77723-F72A-4A42-A3AA-C0ED880B8C2D}.Ad-Hoc|iPhoneSimulator.Build.0 = Release|Any CPU
		{78C77723-F72A-4A42-A3AA-C0ED880B8C2D}.Ad-Hoc|iPhoneSimulator.Deploy.0 = Release|Any CPU
		{78C77723-F72A-4A42-A3AA-C0ED880B8C2D}.Ad-Hoc|x64.ActiveCfg = Release|Any CPU
		{78C77723-F72A-4A42-A3AA-C0ED880B8C2D}.Ad-Hoc|x64.Build.0 = Release|Any CPU
		{78C77723-F72A-4A42-A3AA-C0ED880B8C2D}.Ad-Hoc|x64.Deploy.0 = Release|Any CPU
		{78C77723-F72A-4A42-A3AA-C0ED880B8C2D}.Ad-Hoc|x86.ActiveCfg = Release|Any CPU
		{78C77723-F72A-4A42-A3AA-C0ED880B8C2D}.Ad-Hoc|x86.Build.0 = Release|Any CPU
		{78C77723-F72A-4A42-A3AA-C0ED880B8C2D}.Ad-Hoc|x86.Deploy.0 = Release|Any CPU
		{78C77723-F72A-4A42-A3AA-C0ED880B8C2D}.AppStore|Any CPU.ActiveCfg = Release|Any CPU
		{78C77723-F72A-4A42-A3AA-C0ED880B8C2D}.AppStore|Any CPU.Build.0 = Release|Any CPU
		{78C77723-F72A-4A42-A3AA-C0ED880B8C2D}.AppStore|Any CPU.Deploy.0 = Release|Any CPU
		{78C77723-F72A-4A42-A3AA-C0ED880B8C2D}.AppStore|ARM.ActiveCfg = Release|Any CPU
		{78C77723-F72A-4A42-A3AA-C0ED880B8C2D}.AppStore|ARM.Build.0 = Release|Any CPU
		{78C77723-F72A-4A42-A3AA-C0ED880B8C2D}.AppStore|ARM.Deploy.0 = Release|Any CPU
		{78C77723-F72A-4A42-A3AA-C0ED880B8C2D}.AppStore|iPhone.ActiveCfg = Release|Any CPU
		{78C77723-F72A-4A42-A3AA-C0ED880B8C2D}.AppStore|iPhone.Build.0 = Release|Any CPU
		{78C77723-F72A-4A42-A3AA-C0ED880B8C2D}.AppStore|iPhone.Deploy.0 = Release|Any CPU
		{78C77723-F72A-4A42-A3AA-C0ED880B8C2D}.AppStore|iPhoneSimulator.ActiveCfg = Release|Any CPU
		{78C77723-F72A-4A42-A3AA-C0ED880B8C2D}.AppStore|iPhoneSimulator.Build.0 = Release|Any CPU
		{78C77723-F72A-4A42-A3AA-C0ED880B8C2D}.AppStore|iPhoneSimulator.Deploy.0 = Release|Any CPU
		{78C77723-F72A-4A42-A3AA-C0ED880B8C2D}.AppStore|x64.ActiveCfg = Release|Any CPU
		{78C77723-F72A-4A42-A3AA-C0ED880B8C2D}.AppStore|x64.Build.0 = Release|Any CPU
		{78C77723-F72A-4A42-A3AA-C0ED880B8C2D}.AppStore|x64.Deploy.0 = Release|Any CPU
		{78C77723-F72A-4A42-A3AA-C0ED880B8C2D}.AppStore|x86.ActiveCfg = Release|Any CPU
		{78C77723-F72A-4A42-A3AA-C0ED880B8C2D}.AppStore|x86.Build.0 = Release|Any CPU
		{78C77723-F72A-4A42-A3AA-C0ED880B8C2D}.AppStore|x86.Deploy.0 = Release|Any CPU
		{78C77723-F72A-4A42-A3AA-C0ED880B8C2D}.Debug|Any CPU.ActiveCfg = Debug|Any CPU
		{78C77723-F72A-4A42-A3AA-C0ED880B8C2D}.Debug|Any CPU.Build.0 = Debug|Any CPU
		{78C77723-F72A-4A42-A3AA-C0ED880B8C2D}.Debug|Any CPU.Deploy.0 = Debug|Any CPU
		{78C77723-F72A-4A42-A3AA-C0ED880B8C2D}.Debug|ARM.ActiveCfg = Debug|Any CPU
		{78C77723-F72A-4A42-A3AA-C0ED880B8C2D}.Debug|ARM.Build.0 = Debug|Any CPU
		{78C77723-F72A-4A42-A3AA-C0ED880B8C2D}.Debug|ARM.Deploy.0 = Debug|Any CPU
		{78C77723-F72A-4A42-A3AA-C0ED880B8C2D}.Debug|iPhone.ActiveCfg = Debug|Any CPU
		{78C77723-F72A-4A42-A3AA-C0ED880B8C2D}.Debug|iPhone.Build.0 = Debug|Any CPU
		{78C77723-F72A-4A42-A3AA-C0ED880B8C2D}.Debug|iPhone.Deploy.0 = Debug|Any CPU
		{78C77723-F72A-4A42-A3AA-C0ED880B8C2D}.Debug|iPhoneSimulator.ActiveCfg = Debug|Any CPU
		{78C77723-F72A-4A42-A3AA-C0ED880B8C2D}.Debug|iPhoneSimulator.Build.0 = Debug|Any CPU
		{78C77723-F72A-4A42-A3AA-C0ED880B8C2D}.Debug|iPhoneSimulator.Deploy.0 = Debug|Any CPU
		{78C77723-F72A-4A42-A3AA-C0ED880B8C2D}.Debug|x64.ActiveCfg = Debug|Any CPU
		{78C77723-F72A-4A42-A3AA-C0ED880B8C2D}.Debug|x64.Build.0 = Debug|Any CPU
		{78C77723-F72A-4A42-A3AA-C0ED880B8C2D}.Debug|x64.Deploy.0 = Debug|Any CPU
		{78C77723-F72A-4A42-A3AA-C0ED880B8C2D}.Debug|x86.ActiveCfg = Debug|Any CPU
		{78C77723-F72A-4A42-A3AA-C0ED880B8C2D}.Debug|x86.Build.0 = Debug|Any CPU
		{78C77723-F72A-4A42-A3AA-C0ED880B8C2D}.Debug|x86.Deploy.0 = Debug|Any CPU
		{78C77723-F72A-4A42-A3AA-C0ED880B8C2D}.Release|Any CPU.ActiveCfg = Release|Any CPU
		{78C77723-F72A-4A42-A3AA-C0ED880B8C2D}.Release|Any CPU.Build.0 = Release|Any CPU
		{78C77723-F72A-4A42-A3AA-C0ED880B8C2D}.Release|Any CPU.Deploy.0 = Release|Any CPU
		{78C77723-F72A-4A42-A3AA-C0ED880B8C2D}.Release|ARM.ActiveCfg = Release|Any CPU
		{78C77723-F72A-4A42-A3AA-C0ED880B8C2D}.Release|ARM.Build.0 = Release|Any CPU
		{78C77723-F72A-4A42-A3AA-C0ED880B8C2D}.Release|ARM.Deploy.0 = Release|Any CPU
		{78C77723-F72A-4A42-A3AA-C0ED880B8C2D}.Release|iPhone.ActiveCfg = Release|Any CPU
		{78C77723-F72A-4A42-A3AA-C0ED880B8C2D}.Release|iPhone.Build.0 = Release|Any CPU
		{78C77723-F72A-4A42-A3AA-C0ED880B8C2D}.Release|iPhone.Deploy.0 = Release|Any CPU
		{78C77723-F72A-4A42-A3AA-C0ED880B8C2D}.Release|iPhoneSimulator.ActiveCfg = Release|Any CPU
		{78C77723-F72A-4A42-A3AA-C0ED880B8C2D}.Release|iPhoneSimulator.Build.0 = Release|Any CPU
		{78C77723-F72A-4A42-A3AA-C0ED880B8C2D}.Release|iPhoneSimulator.Deploy.0 = Release|Any CPU
		{78C77723-F72A-4A42-A3AA-C0ED880B8C2D}.Release|x64.ActiveCfg = Release|Any CPU
		{78C77723-F72A-4A42-A3AA-C0ED880B8C2D}.Release|x64.Build.0 = Release|Any CPU
		{78C77723-F72A-4A42-A3AA-C0ED880B8C2D}.Release|x64.Deploy.0 = Release|Any CPU
		{78C77723-F72A-4A42-A3AA-C0ED880B8C2D}.Release|x86.ActiveCfg = Release|Any CPU
		{78C77723-F72A-4A42-A3AA-C0ED880B8C2D}.Release|x86.Build.0 = Release|Any CPU
		{78C77723-F72A-4A42-A3AA-C0ED880B8C2D}.Release|x86.Deploy.0 = Release|Any CPU
		{FDEAC81A-63B7-459F-BB60-0541CF0BCEC9}.Ad-Hoc|Any CPU.ActiveCfg = Ad-Hoc|iPhone
		{FDEAC81A-63B7-459F-BB60-0541CF0BCEC9}.Ad-Hoc|ARM.ActiveCfg = Ad-Hoc|iPhone
		{FDEAC81A-63B7-459F-BB60-0541CF0BCEC9}.Ad-Hoc|iPhone.ActiveCfg = Ad-Hoc|iPhone
		{FDEAC81A-63B7-459F-BB60-0541CF0BCEC9}.Ad-Hoc|iPhone.Build.0 = Ad-Hoc|iPhone
		{FDEAC81A-63B7-459F-BB60-0541CF0BCEC9}.Ad-Hoc|iPhoneSimulator.ActiveCfg = Ad-Hoc|iPhoneSimulator
		{FDEAC81A-63B7-459F-BB60-0541CF0BCEC9}.Ad-Hoc|iPhoneSimulator.Build.0 = Ad-Hoc|iPhoneSimulator
		{FDEAC81A-63B7-459F-BB60-0541CF0BCEC9}.Ad-Hoc|x64.ActiveCfg = Ad-Hoc|iPhone
		{FDEAC81A-63B7-459F-BB60-0541CF0BCEC9}.Ad-Hoc|x86.ActiveCfg = Ad-Hoc|iPhone
		{FDEAC81A-63B7-459F-BB60-0541CF0BCEC9}.AppStore|Any CPU.ActiveCfg = AppStore|iPhone
		{FDEAC81A-63B7-459F-BB60-0541CF0BCEC9}.AppStore|ARM.ActiveCfg = AppStore|iPhone
		{FDEAC81A-63B7-459F-BB60-0541CF0BCEC9}.AppStore|iPhone.ActiveCfg = AppStore|iPhone
		{FDEAC81A-63B7-459F-BB60-0541CF0BCEC9}.AppStore|iPhone.Build.0 = AppStore|iPhone
		{FDEAC81A-63B7-459F-BB60-0541CF0BCEC9}.AppStore|iPhoneSimulator.ActiveCfg = AppStore|iPhoneSimulator
		{FDEAC81A-63B7-459F-BB60-0541CF0BCEC9}.AppStore|iPhoneSimulator.Build.0 = AppStore|iPhoneSimulator
		{FDEAC81A-63B7-459F-BB60-0541CF0BCEC9}.AppStore|x64.ActiveCfg = AppStore|iPhone
		{FDEAC81A-63B7-459F-BB60-0541CF0BCEC9}.AppStore|x86.ActiveCfg = AppStore|iPhone
		{FDEAC81A-63B7-459F-BB60-0541CF0BCEC9}.Debug|Any CPU.ActiveCfg = Debug|iPhone
		{FDEAC81A-63B7-459F-BB60-0541CF0BCEC9}.Debug|ARM.ActiveCfg = Debug|iPhone
		{FDEAC81A-63B7-459F-BB60-0541CF0BCEC9}.Debug|iPhone.ActiveCfg = Debug|iPhone
		{FDEAC81A-63B7-459F-BB60-0541CF0BCEC9}.Debug|iPhone.Build.0 = Debug|iPhone
		{FDEAC81A-63B7-459F-BB60-0541CF0BCEC9}.Debug|iPhoneSimulator.ActiveCfg = Debug|iPhoneSimulator
		{FDEAC81A-63B7-459F-BB60-0541CF0BCEC9}.Debug|iPhoneSimulator.Build.0 = Debug|iPhoneSimulator
		{FDEAC81A-63B7-459F-BB60-0541CF0BCEC9}.Debug|x64.ActiveCfg = Debug|iPhone
		{FDEAC81A-63B7-459F-BB60-0541CF0BCEC9}.Debug|x86.ActiveCfg = Debug|iPhone
		{FDEAC81A-63B7-459F-BB60-0541CF0BCEC9}.Release|Any CPU.ActiveCfg = Release|iPhone
		{FDEAC81A-63B7-459F-BB60-0541CF0BCEC9}.Release|ARM.ActiveCfg = Release|iPhone
		{FDEAC81A-63B7-459F-BB60-0541CF0BCEC9}.Release|iPhone.ActiveCfg = Release|iPhone
		{FDEAC81A-63B7-459F-BB60-0541CF0BCEC9}.Release|iPhone.Build.0 = Release|iPhone
		{FDEAC81A-63B7-459F-BB60-0541CF0BCEC9}.Release|iPhoneSimulator.ActiveCfg = Release|iPhoneSimulator
		{FDEAC81A-63B7-459F-BB60-0541CF0BCEC9}.Release|iPhoneSimulator.Build.0 = Release|iPhoneSimulator
		{FDEAC81A-63B7-459F-BB60-0541CF0BCEC9}.Release|x64.ActiveCfg = Release|iPhone
		{FDEAC81A-63B7-459F-BB60-0541CF0BCEC9}.Release|x86.ActiveCfg = Release|iPhone
	EndGlobalSection
	GlobalSection(SolutionProperties) = preSolution
		HideSolutionNode = FALSE
	EndGlobalSection
EndGlobal
